Microsoft Visual Studio Solution File, Format Version 12.00
# Visual Studio Version 17
VisualStudioVersion = 17.5.2.0
MinimumVisualStudioVersion = 10.0.40219.1
Project("{FAE04EC0-301F-11D3-BF4B-00C04F79EFBC}") = "MyMvcAuthProject", "MyMvcAuthProject.csproj", "{CFB2C1CC-8A73-C030-8C7A-3AA7911C0853}"
EndProject
Global
	GlobalSection(SolutionConfigurationPlatforms) = preSolution
		Debug|Any CPU = Debug|Any CPU
		Release|Any CPU = Release|Any CPU
	EndGlobalSection
	GlobalSection(ProjectConfigurationPlatforms) = postSolution
		{CFB2C1CC-8A73-C030-8C7A-3AA7911C0853}.Debug|Any CPU.ActiveCfg = Debug|Any CPU
		{CFB2C1CC-8A73-C030-8C7A-3AA7911C0853}.Debug|Any CPU.Build.0 = Debug|Any CPU
		{CFB2C1CC-8A73-C030-8C7A-3AA7911C0853}.Release|Any CPU.ActiveCfg = Release|Any CPU
		{CFB2C1CC-8A73-C030-8C7A-3AA7911C0853}.Release|Any CPU.Build.0 = Release|Any CPU
	EndGlobalSection
	GlobalSection(SolutionProperties) = preSolution
		HideSolutionNode = FALSE
	EndGlobalSection
	GlobalSection(ExtensibilityGlobals) = postSolution
		SolutionGuid = {AB5111C7-7D55-45C3-96C4-51419E68CD92}
	EndGlobalSection
EndGlobal
